
Microsoft Visual Studio Solution File, Format Version 12.00
# Visual Studio Version 17
VisualStudioVersion = 17.8.34330.188
MinimumVisualStudioVersion = 10.0.40219.1
Project("{8BC9CEB8-8B4A-11D0-8D11-00A0C91BC942}") = "SizerPP", "SizerPP\SizerPP.vcxproj", "{66A6D27B-FB53-4EAA-835D-845CB1F1BC0E}"
EndProject
Global
	GlobalSection(SolutionConfigurationPlatforms) = preSolution
		Debug|x64 = Debug|x64
		Debug|x86 = Debug|x86
		Release|x64 = Release|x64
		Release|x86 = Release|x86
	EndGlobalSection
	GlobalSection(ProjectConfigurationPlatforms) = postSolution
		{66A6D27B-FB53-4EAA-835D-845CB1F1BC0E}.Debug|x64.ActiveCfg = Debug|x64
		{66A6D27B-FB53-4EAA-835D-845CB1F1BC0E}.Debug|x64.Build.0 = Debug|x64
		{66A6D27B-FB53-4EAA-835D-845CB1F1BC0E}.Debug|x86.ActiveCfg = Debug|Win32
		{66A6D27B-FB53-4EAA-835D-845CB1F1BC0E}.Debug|x86.Build.0 = Debug|Win32
		{66A6D27B-FB53-4EAA-835D-845CB1F1BC0E}.Release|x64.ActiveCfg = Release|x64
		{66A6D27B-FB53-4EAA-835D-845CB1F1BC0E}.Release|x64.Build.0 = Release|x64
		{66A6D27B-FB53-4EAA-835D-845CB1F1BC0E}.Release|x86.ActiveCfg = Release|Win32
		{66A6D27B-FB53-4EAA-835D-845CB1F1BC0E}.Release|x86.Build.0 = Release|Win32
	EndGlobalSection
	GlobalSection(SolutionProperties) = preSolution
		HideSolutionNode = FALSE
	EndGlobalSection
	GlobalSection(ExtensibilityGlobals) = postSolution
		SolutionGuid = {5871AFF9-067E-4307-821A-C134FFFF8406}
	EndGlobalSection
EndGlobal
